
Microsoft Visual Studio Solution File, Format Version 12.00
# Visual Studio Version 16
VisualStudioVersion = 16.0.30413.136
MinimumVisualStudioVersion = 10.0.40219.1
Project("{FAE04EC0-301F-11D3-BF4B-00C04F79EFBC}") = "Exercício_1_07-09-2020", "Exercício_1_07-09-2020.csproj", "{543BF623-9568-466C-A064-A09FC75DC1B1}"
EndProject
Global
	GlobalSection(SolutionConfigurationPlatforms) = preSolution
		Debug|Any CPU = Debug|Any CPU
		Release|Any CPU = Release|Any CPU
	EndGlobalSection
	GlobalSection(ProjectConfigurationPlatforms) = postSolution
		{543BF623-9568-466C-A064-A09FC75DC1B1}.Debug|Any CPU.ActiveCfg = Debug|Any CPU
		{543BF623-9568-466C-A064-A09FC75DC1B1}.Debug|Any CPU.Build.0 = Debug|Any CPU
		{543BF623-9568-466C-A064-A09FC75DC1B1}.Release|Any CPU.ActiveCfg = Release|Any CPU
		{543BF623-9568-466C-A064-A09FC75DC1B1}.Release|Any CPU.Build.0 = Release|Any CPU
	EndGlobalSection
	GlobalSection(SolutionProperties) = preSolution
		HideSolutionNode = FALSE
	EndGlobalSection
	GlobalSection(ExtensibilityGlobals) = postSolution
		SolutionGuid = {86BFEB3C-397B-4862-BDEE-D375133D4F67}
	EndGlobalSection
EndGlobal
