
Microsoft Visual Studio Solution File, Format Version 12.00
# Visual Studio Version 16
VisualStudioVersion = 16.0.30413.136
MinimumVisualStudioVersion = 10.0.40219.1
Project("{FAE04EC0-301F-11D3-BF4B-00C04F79EFBC}") = "19-10-2020_Exercício_Média_Preços", "19-10-2020_Exercício_Média_Preços.csproj", "{78B665CE-7D90-42D7-B6E0-CDE876E921C5}"
EndProject
Global
	GlobalSection(SolutionConfigurationPlatforms) = preSolution
		Debug|Any CPU = Debug|Any CPU
		Release|Any CPU = Release|Any CPU
	EndGlobalSection
	GlobalSection(ProjectConfigurationPlatforms) = postSolution
		{78B665CE-7D90-42D7-B6E0-CDE876E921C5}.Debug|Any CPU.ActiveCfg = Debug|Any CPU
		{78B665CE-7D90-42D7-B6E0-CDE876E921C5}.Debug|Any CPU.Build.0 = Debug|Any CPU
		{78B665CE-7D90-42D7-B6E0-CDE876E921C5}.Release|Any CPU.ActiveCfg = Release|Any CPU
		{78B665CE-7D90-42D7-B6E0-CDE876E921C5}.Release|Any CPU.Build.0 = Release|Any CPU
	EndGlobalSection
	GlobalSection(SolutionProperties) = preSolution
		HideSolutionNode = FALSE
	EndGlobalSection
	GlobalSection(ExtensibilityGlobals) = postSolution
		SolutionGuid = {55808681-963C-4E99-B646-DB431B13FE69}
	EndGlobalSection
EndGlobal
