
Microsoft Visual Studio Solution File, Format Version 12.00
# Visual Studio Version 16
VisualStudioVersion = 16.0.30413.136
MinimumVisualStudioVersion = 10.0.40219.1
Project("{FAE04EC0-301F-11D3-BF4B-00C04F79EFBC}") = "Exercício_Static_14-09-2020", "Exercício_Static_14-09-2020.csproj", "{C369EF41-38D5-4AEC-9B28-E7A8CE71E99C}"
EndProject
Global
	GlobalSection(SolutionConfigurationPlatforms) = preSolution
		Debug|Any CPU = Debug|Any CPU
		Release|Any CPU = Release|Any CPU
	EndGlobalSection
	GlobalSection(ProjectConfigurationPlatforms) = postSolution
		{C369EF41-38D5-4AEC-9B28-E7A8CE71E99C}.Debug|Any CPU.ActiveCfg = Debug|Any CPU
		{C369EF41-38D5-4AEC-9B28-E7A8CE71E99C}.Debug|Any CPU.Build.0 = Debug|Any CPU
		{C369EF41-38D5-4AEC-9B28-E7A8CE71E99C}.Release|Any CPU.ActiveCfg = Release|Any CPU
		{C369EF41-38D5-4AEC-9B28-E7A8CE71E99C}.Release|Any CPU.Build.0 = Release|Any CPU
	EndGlobalSection
	GlobalSection(SolutionProperties) = preSolution
		HideSolutionNode = FALSE
	EndGlobalSection
	GlobalSection(ExtensibilityGlobals) = postSolution
		SolutionGuid = {16D7C423-1EFB-4323-9566-874A0687FADB}
	EndGlobalSection
EndGlobal
