
Microsoft Visual Studio Solution File, Format Version 12.00
# Visual Studio Version 16
VisualStudioVersion = 16.0.30413.136
MinimumVisualStudioVersion = 10.0.40219.1
Project("{FAE04EC0-301F-11D3-BF4B-00C04F79EFBC}") = "23-11-2020_Exercício_Formas", "23-11-2020_Exercício_Formas.csproj", "{B435E58F-432A-4E23-9D48-6FD21401D768}"
EndProject
Global
	GlobalSection(SolutionConfigurationPlatforms) = preSolution
		Debug|Any CPU = Debug|Any CPU
		Release|Any CPU = Release|Any CPU
	EndGlobalSection
	GlobalSection(ProjectConfigurationPlatforms) = postSolution
		{B435E58F-432A-4E23-9D48-6FD21401D768}.Debug|Any CPU.ActiveCfg = Debug|Any CPU
		{B435E58F-432A-4E23-9D48-6FD21401D768}.Debug|Any CPU.Build.0 = Debug|Any CPU
		{B435E58F-432A-4E23-9D48-6FD21401D768}.Release|Any CPU.ActiveCfg = Release|Any CPU
		{B435E58F-432A-4E23-9D48-6FD21401D768}.Release|Any CPU.Build.0 = Release|Any CPU
	EndGlobalSection
	GlobalSection(SolutionProperties) = preSolution
		HideSolutionNode = FALSE
	EndGlobalSection
	GlobalSection(ExtensibilityGlobals) = postSolution
		SolutionGuid = {3EB9ED1D-0AAE-4E38-892F-2E041230F5FA}
	EndGlobalSection
EndGlobal
